{
  "originHash" : "689d20dfb5c18d3183d80edc6a815f8a25981c36aeaaecec9aec7b0b95122cb2",
  "pins" : [
    {
      "identity" : "leap-ios",
      "kind" : "remoteSourceControl",
      "location" : "https://github.com/Liquid4All/leap-ios.git",
      "state" : {
        "revision" : "9602deec5f5afaf891fd360496b8bcd525b69ef6",
        "version" : "0.5.0"
      }
    },
    {
      "identity" : "swift-syntax",
      "kind" : "remoteSourceControl",
      "location" : "https://github.com/swiftlang/swift-syntax.git",
      "state" : {
        "revision" : "0687f71944021d616d34d922343dcef086855920",
        "version" : "600.0.1"
      }
    },
    {
      "identity" : "zipfoundation",
      "kind" : "remoteSourceControl",
      "location" : "https://github.com/weichsel/ZIPFoundation.git",
      "state" : {
        "revision" : "02b6abe5f6eef7e3cbd5f247c5cc24e246efcfe0",
        "version" : "0.9.19"
      }
    }
  ],
  "version" : 3
}
