{
  "originHash" : "17e82fea453400da158e5604ac8c2de3a08d9b5b5bb982209a0df56251ca111e",
  "pins" : [
    {
      "identity" : "leap-ios",
      "kind" : "remoteSourceControl",
      "location" : "https://github.com/Liquid4All/leap-ios.git",
      "state" : {
        "revision" : "9602deec5f5afaf891fd360496b8bcd525b69ef6",
        "version" : "0.5.0"
      }
    },
    {
      "identity" : "swift-syntax",
      "kind" : "remoteSourceControl",
      "location" : "https://github.com/swiftlang/swift-syntax.git",
      "state" : {
        "revision" : "0687f71944021d616d34d922343dcef086855920",
        "version" : "600.0.1"
      }
    }
  ],
  "version" : 3
}
